// !$*UTF8*$!
{
	archiveVersion = 1;
	classes = {
	};
	objectVersion = 56;
	objects = {

/* Begin PBXBuildFile section */
		086420A529DC1AF4005F43C9 /* AppDelegate.swift in Sources */ = {isa = PBXBuildFile; fileRef = 086420A429DC1AF4005F43C9 /* AppDelegate.swift */; };
		086420A729DC1AF4005F43C9 /* SceneDelegate.swift in Sources */ = {isa = PBXBuildFile; fileRef = 086420A629DC1AF4005F43C9 /* SceneDelegate.swift */; };
		086420A929DC1AF4005F43C9 /* ViewController.swift in Sources */ = {isa = PBXBuildFile; fileRef = 086420A829DC1AF4005F43C9 /* ViewController.swift */; };
		086420AC29DC1AF4005F43C9 /* Main.storyboard in Resources */ = {isa = PBXBuildFile; fileRef = 086420AA29DC1AF4005F43C9 /* Main.storyboard */; };
		086420AE29DC1AF6005F43C9 /* Assets.xcassets in Resources */ = {isa = PBXBuildFile; fileRef = 086420AD29DC1AF6005F43C9 /* Assets.xcassets */; };
		086420B129DC1AF6005F43C9 /* LaunchScreen.storyboard in Resources */ = {isa = PBXBuildFile; fileRef = 086420AF29DC1AF6005F43C9 /* LaunchScreen.storyboard */; };
		086420BC29DC1AF6005F43C9 /* IntroJiTests.swift in Sources */ = {isa = PBXBuildFile; fileRef = 086420BB29DC1AF6005F43C9 /* IntroJiTests.swift */; };
		086420C629DC1AF6005F43C9 /* IntroJiUITests.swift in Sources */ = {isa = PBXBuildFile; fileRef = 086420C529DC1AF6005F43C9 /* IntroJiUITests.swift */; };
		086420C829DC1AF6005F43C9 /* IntroJiUITestsLaunchTests.swift in Sources */ = {isa = PBXBuildFile; fileRef = 086420C729DC1AF6005F43C9 /* IntroJiUITestsLaunchTests.swift */; };
/* End PBXBuildFile section */

/* Begin PBXContainerItemProxy section */
		086420B829DC1AF6005F43C9 /* PBXContainerItemProxy */ = {
			isa = PBXContainerItemProxy;
			containerPortal = 0864209929DC1AF4005F43C9 /* Project object */;
			proxyType = 1;
			remoteGlobalIDString = 086420A029DC1AF4005F43C9;
			remoteInfo = IntroJi;
		};
		086420C229DC1AF6005F43C9 /* PBXContainerItemProxy */ = {
			isa = PBXContainerItemProxy;
			containerPortal = 0864209929DC1AF4005F43C9 /* Project object */;
			proxyType = 1;
			remoteGlobalIDString = 086420A029DC1AF4005F43C9;
			remoteInfo = IntroJi;
		};
/* End PBXContainerItemProxy section */

/* Begin PBXFileReference section */
		086420A129DC1AF4005F43C9 /* IntroJi.app */ = {isa = PBXFileReference; explicitFileType = wrapper.application; includeInIndex = 0; path = IntroJi.app; sourceTree = BUILT_PRODUCTS_DIR; };
		086420A429DC1AF4005F43C9 /* AppDelegate.swift */ = {isa = PBXFileReference; lastKnownFileType = sourcecode.swift; path = AppDelegate.swift; sourceTree = "<group>"; };
		086420A629DC1AF4005F43C9 /* SceneDelegate.swift */ = {isa = PBXFileReference; lastKnownFileType = sourcecode.swift; path = SceneDelegate.swift; sourceTree = "<group>"; };
		086420A829DC1AF4005F43C9 /* ViewController.swift */ = {isa = PBXFileReference; lastKnownFileType = sourcecode.swift; path = ViewController.swift; sourceTree = "<group>"; };
		086420AB29DC1AF4005F43C9 /* Base */ = {isa = PBXFileReference; lastKnownFileType = file.storyboard; name = Base; path = Base.lproj/Main.storyboard; sourceTree = "<group>"; };
		086420AD29DC1AF6005F43C9 /* Assets.xcassets */ = {isa = PBXFileReference; lastKnownFileType = folder.assetcatalog; path = Assets.xcassets; sourceTree = "<group>"; };
		086420B029DC1AF6005F43C9 /* Base */ = {isa = PBXFileReference; lastKnownFileType = file.storyboard; name = Base; path = Base.lproj/LaunchScreen.storyboard; sourceTree = "<group>"; };
		086420B229DC1AF6005F43C9 /* Info.plist */ = {isa = PBXFileReference; lastKnownFileType = text.plist.xml; path = Info.plist; sourceTree = "<group>"; };
		086420B729DC1AF6005F43C9 /* IntroJiTests.xctest */ = {isa = PBXFileReference; explicitFileType = wrapper.cfbundle; includeInIndex = 0; path = IntroJiTests.xctest; sourceTree = BUILT_PRODUCTS_DIR; };
		086420BB29DC1AF6005F43C9 /* IntroJiTests.swift */ = {isa = PBXFileReference; lastKnownFileType = sourcecode.swift; path = IntroJiTests.swift; sourceTree = "<group>"; };
		086420C129DC1AF6005F43C9 /* IntroJiUITests.xctest */ = {isa = PBXFileReference; explicitFileType = wrapper.cfbundle; includeInIndex = 0; path = IntroJiUITests.xctest; sourceTree = BUILT_PRODUCTS_DIR; };
		086420C529DC1AF6005F43C9 /* IntroJiUITests.swift */ = {isa = PBXFileReference; lastKnownFileType = sourcecode.swift; path = IntroJiUITests.swift; sourceTree = "<group>"; };
		086420C729DC1AF6005F43C9 /* IntroJiUITestsLaunchTests.swift */ = {isa = PBXFileReference; lastKnownFileType = sourcecode.swift; path = IntroJiUITestsLaunchTests.swift; sourceTree = "<group>"; };
/* End PBXFileReference section */

/* Begin PBXFrameworksBuildPhase section */
		0864209E29DC1AF4005F43C9 /* Frameworks */ = {
			isa = PBXFrameworksBuildPhase;
			buildActionMask = 2147483647;
			files = (
			);
			runOnlyForDeploymentPostprocessing = 0;
		};
		086420B429DC1AF6005F43C9 /* Frameworks */ = {
			isa = PBXFrameworksBuildPhase;
			buildActionMask = 2147483647;
			files = (
			);
			runOnlyForDeploymentPostprocessing = 0;
		};
		086420BE29DC1AF6005F43C9 /* Frameworks */ = {
			isa = PBXFrameworksBuildPhase;
			buildActionMask = 2147483647;
			files = (
			);
			runOnlyForDeploymentPostprocessing = 0;
		};
/* End PBXFrameworksBuildPhase section */

/* Begin PBXGroup section */
		0864209829DC1AF4005F43C9 = {
			isa = PBXGroup;
			children = (
				086420A329DC1AF4005F43C9 /* IntroJi */,
				086420BA29DC1AF6005F43C9 /* IntroJiTests */,
				086420C429DC1AF6005F43C9 /* IntroJiUITests */,
				086420A229DC1AF4005F43C9 /* Products */,
			);
			sourceTree = "<group>";
		};
		086420A229DC1AF4005F43C9 /* Products */ = {
			isa = PBXGroup;
			children = (
				086420A129DC1AF4005F43C9 /* IntroJi.app */,
				086420B729DC1AF6005F43C9 /* IntroJiTests.xctest */,
				086420C129DC1AF6005F43C9 /* IntroJiUITests.xctest */,
			);
			name = Products;
			sourceTree = "<group>";
		};
		086420A329DC1AF4005F43C9 /* IntroJi */ = {
			isa = PBXGroup;
			children = (
				086420A429DC1AF4005F43C9 /* AppDelegate.swift */,
				086420A629DC1AF4005F43C9 /* SceneDelegate.swift */,
				086420A829DC1AF4005F43C9 /* ViewController.swift */,
				086420AA29DC1AF4005F43C9 /* Main.storyboard */,
				086420AD29DC1AF6005F43C9 /* Assets.xcassets */,
				086420AF29DC1AF6005F43C9 /* LaunchScreen.storyboard */,
				086420B229DC1AF6005F43C9 /* Info.plist */,
			);
			path = IntroJi;
			sourceTree = "<group>";
		};
		086420BA29DC1AF6005F43C9 /* IntroJiTests */ = {
			isa = PBXGroup;
			children = (
				086420BB29DC1AF6005F43C9 /* IntroJiTests.swift */,
			);
			path = IntroJiTests;
			sourceTree = "<group>";
		};
		086420C429DC1AF6005F43C9 /* IntroJiUITests */ = {
			isa = PBXGroup;
			children = (
				086420C529DC1AF6005F43C9 /* IntroJiUITests.swift */,
				086420C729DC1AF6005F43C9 /* IntroJiUITestsLaunchTests.swift */,
			);
			path = IntroJiUITests;
			sourceTree = "<group>";
		};
/* End PBXGroup section */

/* Begin PBXNativeTarget section */
		086420A029DC1AF4005F43C9 /* IntroJi */ = {
			isa = PBXNativeTarget;
			buildConfigurationList = 086420CB29DC1AF6005F43C9 /* Build configuration list for PBXNativeTarget "IntroJi" */;
			buildPhases = (
				0864209D29DC1AF4005F43C9 /* Sources */,
				0864209E29DC1AF4005F43C9 /* Frameworks */,
				0864209F29DC1AF4005F43C9 /* Resources */,
			);
			buildRules = (
			);
			dependencies = (
			);
			name = IntroJi;
			productName = IntroJi;
			productReference = 086420A129DC1AF4005F43C9 /* IntroJi.app */;
			productType = "com.apple.product-type.application";
		};
		086420B629DC1AF6005F43C9 /* IntroJiTests */ = {
			isa = PBXNativeTarget;
			buildConfigurationList = 086420CE29DC1AF6005F43C9 /* Build configuration list for PBXNativeTarget "IntroJiTests" */;
			buildPhases = (
				086420B329DC1AF6005F43C9 /* Sources */,
				086420B429DC1AF6005F43C9 /* Frameworks */,
				086420B529DC1AF6005F43C9 /* Resources */,
			);
			buildRules = (
			);
			dependencies = (
				086420B929DC1AF6005F43C9 /* PBXTargetDependency */,
			);
			name = IntroJiTests;
			productName = IntroJiTests;
			productReference = 086420B729DC1AF6005F43C9 /* IntroJiTests.xctest */;
			productType = "com.apple.product-type.bundle.unit-test";
		};
		086420C029DC1AF6005F43C9 /* IntroJiUITests */ = {
			isa = PBXNativeTarget;
			buildConfigurationList = 086420D129DC1AF6005F43C9 /* Build configuration list for PBXNativeTarget "IntroJiUITests" */;
			buildPhases = (
				086420BD29DC1AF6005F43C9 /* Sources */,
				086420BE29DC1AF6005F43C9 /* Frameworks */,
				086420BF29DC1AF6005F43C9 /* Resources */,
			);
			buildRules = (
			);
			dependencies = (
				086420C329DC1AF6005F43C9 /* PBXTargetDependency */,
			);
			name = IntroJiUITests;
			productName = IntroJiUITests;
			productReference = 086420C129DC1AF6005F43C9 /* IntroJiUITests.xctest */;
			productType = "com.apple.product-type.bundle.ui-testing";
		};
/* End PBXNativeTarget section */

/* Begin PBXProject section */
		0864209929DC1AF4005F43C9 /* Project object */ = {
			isa = PBXProject;
			attributes = {
				BuildIndependentTargetsInParallel = 1;
				LastSwiftUpdateCheck = 1420;
				LastUpgradeCheck = 1420;
				TargetAttributes = {
					086420A029DC1AF4005F43C9 = {
						CreatedOnToolsVersion = 14.2;
					};
					086420B629DC1AF6005F43C9 = {
						CreatedOnToolsVersion = 14.2;
						TestTargetID = 086420A029DC1AF4005F43C9;
					};
					086420C029DC1AF6005F43C9 = {
						CreatedOnToolsVersion = 14.2;
						TestTargetID = 086420A029DC1AF4005F43C9;
					};
				};
			};
			buildConfigurationList = 0864209C29DC1AF4005F43C9 /* Build configuration list for PBXProject "IntroJi" */;
			compatibilityVersion = "Xcode 14.0";
			developmentRegion = en;
			hasScannedForEncodings = 0;
			knownRegions = (
				en,
				Base,
			);
			mainGroup = 0864209829DC1AF4005F43C9;
			productRefGroup = 086420A229DC1AF4005F43C9 /* Products */;
			projectDirPath = "";
			projectRoot = "";
			targets = (
				086420A029DC1AF4005F43C9 /* IntroJi */,
				086420B629DC1AF6005F43C9 /* IntroJiTests */,
				086420C029DC1AF6005F43C9 /* IntroJiUITests */,
			);
		};
/* End PBXProject section */

/* Begin PBXResourcesBuildPhase section */
		0864209F29DC1AF4005F43C9 /* Resources */ = {
			isa = PBXResourcesBuildPhase;
			buildActionMask = 2147483647;
			files = (
				086420B129DC1AF6005F43C9 /* LaunchScreen.storyboard in Resources */,
				086420AE29DC1AF6005F43C9 /* Assets.xcassets in Resources */,
				086420AC29DC1AF4005F43C9 /* Main.storyboard in Resources */,
			);
			runOnlyForDeploymentPostprocessing = 0;
		};
		086420B529DC1AF6005F43C9 /* Resources */ = {
			isa = PBXResourcesBuildPhase;
			buildActionMask = 2147483647;
			files = (
			);
			runOnlyForDeploymentPostprocessing = 0;
		};
		086420BF29DC1AF6005F43C9 /* Resources */ = {
			isa = PBXResourcesBuildPhase;
			buildActionMask = 2147483647;
			files = (
			);
			runOnlyForDeploymentPostprocessing = 0;
		};
/* End PBXResourcesBuildPhase section */

/* Begin PBXSourcesBuildPhase section */
		0864209D29DC1AF4005F43C9 /* Sources */ = {
			isa = PBXSourcesBuildPhase;
			buildActionMask = 2147483647;
			files = (
				086420A929DC1AF4005F43C9 /* ViewController.swift in Sources */,
				086420A529DC1AF4005F43C9 /* AppDelegate.swift in Sources */,
				086420A729DC1AF4005F43C9 /* SceneDelegate.swift in Sources */,
			);
			runOnlyForDeploymentPostprocessing = 0;
		};
		086420B329DC1AF6005F43C9 /* Sources */ = {
			isa = PBXSourcesBuildPhase;
			buildActionMask = 2147483647;
			files = (
				086420BC29DC1AF6005F43C9 /* IntroJiTests.swift in Sources */,
			);
			runOnlyForDeploymentPostprocessing = 0;
		};
		086420BD29DC1AF6005F43C9 /* Sources */ = {
			isa = PBXSourcesBuildPhase;
			buildActionMask = 2147483647;
			files = (
				086420C829DC1AF6005F43C9 /* IntroJiUITestsLaunchTests.swift in Sources */,
				086420C629DC1AF6005F43C9 /* IntroJiUITests.swift in Sources */,
			);
			runOnlyForDeploymentPostprocessing = 0;
		};
/* End PBXSourcesBuildPhase section */

/* Begin PBXTargetDependency section */
		086420B929DC1AF6005F43C9 /* PBXTargetDependency */ = {
			isa = PBXTargetDependency;
			target = 086420A029DC1AF4005F43C9 /* IntroJi */;
			targetProxy = 086420B829DC1AF6005F43C9 /* PBXContainerItemProxy */;
		};
		086420C329DC1AF6005F43C9 /* PBXTargetDependency */ = {
			isa = PBXTargetDependency;
			target = 086420A029DC1AF4005F43C9 /* IntroJi */;
			targetProxy = 086420C229DC1AF6005F43C9 /* PBXContainerItemProxy */;
		};
/* End PBXTargetDependency section */

/* Begin PBXVariantGroup section */
		086420AA29DC1AF4005F43C9 /* Main.storyboard */ = {
			isa = PBXVariantGroup;
			children = (
				086420AB29DC1AF4005F43C9 /* Base */,
			);
			name = Main.storyboard;
			sourceTree = "<group>";
		};
		086420AF29DC1AF6005F43C9 /* LaunchScreen.storyboard */ = {
			isa = PBXVariantGroup;
			children = (
				086420B029DC1AF6005F43C9 /* Base */,
			);
			name = LaunchScreen.storyboard;
			sourceTree = "<group>";
		};
/* End PBXVariantGroup section */

/* Begin XCBuildConfiguration section */
		086420C929DC1AF6005F43C9 /* Debug */ = {
			isa = XCBuildConfiguration;
			buildSettings = {
				ALWAYS_SEARCH_USER_PATHS = NO;
				CLANG_ANALYZER_NONNULL = YES;
				CLANG_ANALYZER_NUMBER_OBJECT_CONVERSION = YES_AGGRESSIVE;
				CLANG_CXX_LANGUAGE_STANDARD = "gnu++20";
				CLANG_ENABLE_MODULES = YES;
				CLANG_ENABLE_OBJC_ARC = YES;
				CLANG_ENABLE_OBJC_WEAK = YES;
				CLANG_WARN_BLOCK_CAPTURE_AUTORELEASING = YES;
				CLANG_WARN_BOOL_CONVERSION = YES;
				CLANG_WARN_COMMA = YES;
				CLANG_WARN_CONSTANT_CONVERSION = YES;
				CLANG_WARN_DEPRECATED_OBJC_IMPLEMENTATIONS = YES;
				CLANG_WARN_DIRECT_OBJC_ISA_USAGE = YES_ERROR;
				CLANG_WARN_DOCUMENTATION_COMMENTS = YES;
				CLANG_WARN_EMPTY_BODY = YES;
				CLANG_WARN_ENUM_CONVERSION = YES;
				CLANG_WARN_INFINITE_RECURSION = YES;
				CLANG_WARN_INT_CONVERSION = YES;
				CLANG_WARN_NON_LITERAL_NULL_CONVERSION = YES;
				CLANG_WARN_OBJC_IMPLICIT_RETAIN_SELF = YES;
				CLANG_WARN_OBJC_LITERAL_CONVERSION = YES;
				CLANG_WARN_OBJC_ROOT_CLASS = YES_ERROR;
				CLANG_WARN_QUOTED_INCLUDE_IN_FRAMEWORK_HEADER = YES;
				CLANG_WARN_RANGE_LOOP_ANALYSIS = YES;
				CLANG_WARN_STRICT_PROTOTYPES = YES;
				CLANG_WARN_SUSPICIOUS_MOVE = YES;
				CLANG_WARN_UNGUARDED_AVAILABILITY = YES_AGGRESSIVE;
				CLANG_WARN_UNREACHABLE_CODE = YES;
				CLANG_WARN__DUPLICATE_METHOD_MATCH = YES;
				COPY_PHASE_STRIP = NO;
				DEBUG_INFORMATION_FORMAT = dwarf;
				ENABLE_STRICT_OBJC_MSGSEND = YES;
				ENABLE_TESTABILITY = YES;
				GCC_C_LANGUAGE_STANDARD = gnu11;
				GCC_DYNAMIC_NO_PIC = NO;
				GCC_NO_COMMON_BLOCKS = YES;
				GCC_OPTIMIZATION_LEVEL = 0;
				GCC_PREPROCESSOR_DEFINITIONS = (
					"DEBUG=1",
					"$(inherited)",
				);
				GCC_WARN_64_TO_32_BIT_CONVERSION = YES;
				GCC_WARN_ABOUT_RETURN_TYPE = YES_ERROR;
				GCC_WARN_UNDECLARED_SELECTOR = YES;
				GCC_WARN_UNINITIALIZED_AUTOS = YES_AGGRESSIVE;
				GCC_WARN_UNUSED_FUNCTION = YES;
				GCC_WARN_UNUSED_VARIABLE = YES;
				IPHONEOS_DEPLOYMENT_TARGET = 16.2;
				MTL_ENABLE_DEBUG_INFO = INCLUDE_SOURCE;
				MTL_FAST_MATH = YES;
				ONLY_ACTIVE_ARCH = YES;
				SDKROOT = iphoneos;
				SWIFT_ACTIVE_COMPILATION_CONDITIONS = DEBUG;
				SWIFT_OPTIMIZATION_LEVEL = "-Onone";
			};
			name = Debug;
		};
		086420CA29DC1AF6005F43C9 /* Release */ = {
			isa = XCBuildConfiguration;
			buildSettings = {
				ALWAYS_SEARCH_USER_PATHS = NO;
				CLANG_ANALYZER_NONNULL = YES;
				CLANG_ANALYZER_NUMBER_OBJECT_CONVERSION = YES_AGGRESSIVE;
				CLANG_CXX_LANGUAGE_STANDARD = "gnu++20";
				CLANG_ENABLE_MODULES = YES;
				CLANG_ENABLE_OBJC_ARC = YES;
				CLANG_ENABLE_OBJC_WEAK = YES;
				CLANG_WARN_BLOCK_CAPTURE_AUTORELEASING = YES;
				CLANG_WARN_BOOL_CONVERSION = YES;
				CLANG_WARN_COMMA = YES;
				CLANG_WARN_CONSTANT_CONVERSION = YES;
				CLANG_WARN_DEPRECATED_OBJC_IMPLEMENTATIONS = YES;
				CLANG_WARN_DIRECT_OBJC_ISA_USAGE = YES_ERROR;
				CLANG_WARN_DOCUMENTATION_COMMENTS = YES;
				CLANG_WARN_EMPTY_BODY = YES;
				CLANG_WARN_ENUM_CONVERSION = YES;
				CLANG_WARN_INFINITE_RECURSION = YES;
				CLANG_WARN_INT_CONVERSION = YES;
				CLANG_WARN_NON_LITERAL_NULL_CONVERSION = YES;
				CLANG_WARN_OBJC_IMPLICIT_RETAIN_SELF = YES;
				CLANG_WARN_OBJC_LITERAL_CONVERSION = YES;
				CLANG_WARN_OBJC_ROOT_CLASS = YES_ERROR;
				CLANG_WARN_QUOTED_INCLUDE_IN_FRAMEWORK_HEADER = YES;
				CLANG_WARN_RANGE_LOOP_ANALYSIS = YES;
				CLANG_WARN_STRICT_PROTOTYPES = YES;
				CLANG_WARN_SUSPICIOUS_MOVE = YES;
				CLANG_WARN_UNGUARDED_AVAILABILITY = YES_AGGRESSIVE;
				CLANG_WARN_UNREACHABLE_CODE = YES;
				CLANG_WARN__DUPLICATE_METHOD_MATCH = YES;
				COPY_PHASE_STRIP = NO;
				DEBUG_INFORMATION_FORMAT = "dwarf-with-dsym";
				ENABLE_NS_ASSERTIONS = NO;
				ENABLE_STRICT_OBJC_MSGSEND = YES;
				GCC_C_LANGUAGE_STANDARD = gnu11;
				GCC_NO_COMMON_BLOCKS = YES;
				GCC_WARN_64_TO_32_BIT_CONVERSION = YES;
				GCC_WARN_ABOUT_RETURN_TYPE = YES_ERROR;
				GCC_WARN_UNDECLARED_SELECTOR = YES;
				GCC_WARN_UNINITIALIZED_AUTOS = YES_AGGRESSIVE;
				GCC_WARN_UNUSED_FUNCTION = YES;
				GCC_WARN_UNUSED_VARIABLE = YES;
				IPHONEOS_DEPLOYMENT_TARGET = 16.2;
				MTL_ENABLE_DEBUG_INFO = NO;
				MTL_FAST_MATH = YES;
				SDKROOT = iphoneos;
				SWIFT_COMPILATION_MODE = wholemodule;
				SWIFT_OPTIMIZATION_LEVEL = "-O";
				VALIDATE_PRODUCT = YES;
			};
			name = Release;
		};
		086420CC29DC1AF6005F43C9 /* Debug */ = {
			isa = XCBuildConfiguration;
			buildSettings = {
				ASSETCATALOG_COMPILER_APPICON_NAME = AppIcon;
				ASSETCATALOG_COMPILER_GLOBAL_ACCENT_COLOR_NAME = AccentColor;
				CODE_SIGN_STYLE = Automatic;
				CURRENT_PROJECT_VERSION = 1;
				GENERATE_INFOPLIST_FILE = YES;
				INFOPLIST_FILE = IntroJi/Info.plist;
				INFOPLIST_KEY_UIApplicationSupportsIndirectInputEvents = YES;
				INFOPLIST_KEY_UILaunchStoryboardName = LaunchScreen;
				INFOPLIST_KEY_UIMainStoryboardFile = Main;
				INFOPLIST_KEY_UISupportedInterfaceOrientations_iPad = "UIInterfaceOrientationPortrait UIInterfaceOrientationPortraitUpsideDown UIInterfaceOrientationLandscapeLeft UIInterfaceOrientationLandscapeRight";
				INFOPLIST_KEY_UISupportedInterfaceOrientations_iPhone = "UIInterfaceOrientationPortrait UIInterfaceOrientationLandscapeLeft UIInterfaceOrientationLandscapeRight";
				LD_RUNPATH_SEARCH_PATHS = (
					"$(inherited)",
					"@executable_path/Frameworks",
				);
				MARKETING_VERSION = 1.0;
				PRODUCT_BUNDLE_IDENTIFIER = ji.IntroJi;
				PRODUCT_NAME = "$(TARGET_NAME)";
				SWIFT_EMIT_LOC_STRINGS = YES;
				SWIFT_VERSION = 5.0;
				TARGETED_DEVICE_FAMILY = "1,2";
			};
			name = Debug;
		};
		086420CD29DC1AF6005F43C9 /* Release */ = {
			isa = XCBuildConfiguration;
			buildSettings = {
				ASSETCATALOG_COMPILER_APPICON_NAME = AppIcon;
				ASSETCATALOG_COMPILER_GLOBAL_ACCENT_COLOR_NAME = AccentColor;
				CODE_SIGN_STYLE = Automatic;
				CURRENT_PROJECT_VERSION = 1;
				GENERATE_INFOPLIST_FILE = YES;
				INFOPLIST_FILE = IntroJi/Info.plist;
				INFOPLIST_KEY_UIApplicationSupportsIndirectInputEvents = YES;
				INFOPLIST_KEY_UILaunchStoryboardName = LaunchScreen;
				INFOPLIST_KEY_UIMainStoryboardFile = Main;
				INFOPLIST_KEY_UISupportedInterfaceOrientations_iPad = "UIInterfaceOrientationPortrait UIInterfaceOrientationPortraitUpsideDown UIInterfaceOrientationLandscapeLeft UIInterfaceOrientationLandscapeRight";
				INFOPLIST_KEY_UISupportedInterfaceOrientations_iPhone = "UIInterfaceOrientationPortrait UIInterfaceOrientationLandscapeLeft UIInterfaceOrientationLandscapeRight";
				LD_RUNPATH_SEARCH_PATHS = (
					"$(inherited)",
					"@executable_path/Frameworks",
				);
				MARKETING_VERSION = 1.0;
				PRODUCT_BUNDLE_IDENTIFIER = ji.IntroJi;
				PRODUCT_NAME = "$(TARGET_NAME)";
				SWIFT_EMIT_LOC_STRINGS = YES;
				SWIFT_VERSION = 5.0;
				TARGETED_DEVICE_FAMILY = "1,2";
			};
			name = Release;
		};
		086420CF29DC1AF6005F43C9 /* Debug */ = {
			isa = XCBuildConfiguration;
			buildSettings = {
				ALWAYS_EMBED_SWIFT_STANDARD_LIBRARIES = YES;
				BUNDLE_LOADER = "$(TEST_HOST)";
				CODE_SIGN_STYLE = Automatic;
				CURRENT_PROJECT_VERSION = 1;
				GENERATE_INFOPLIST_FILE = YES;
				IPHONEOS_DEPLOYMENT_TARGET = 16.2;
				MARKETING_VERSION = 1.0;
				PRODUCT_BUNDLE_IDENTIFIER = ji.IntroJiTests;
				PRODUCT_NAME = "$(TARGET_NAME)";
				SWIFT_EMIT_LOC_STRINGS = NO;
				SWIFT_VERSION = 5.0;
				TARGETED_DEVICE_FAMILY = "1,2";
				TEST_HOST = "$(BUILT_PRODUCTS_DIR)/IntroJi.app/$(BUNDLE_EXECUTABLE_FOLDER_PATH)/IntroJi";
			};
			name = Debug;
		};
		086420D029DC1AF6005F43C9 /* Release */ = {
			isa = XCBuildConfiguration;
			buildSettings = {
				ALWAYS_EMBED_SWIFT_STANDARD_LIBRARIES = YES;
				BUNDLE_LOADER = "$(TEST_HOST)";
				CODE_SIGN_STYLE = Automatic;
				CURRENT_PROJECT_VERSION = 1;
				GENERATE_INFOPLIST_FILE = YES;
				IPHONEOS_DEPLOYMENT_TARGET = 16.2;
				MARKETING_VERSION = 1.0;
				PRODUCT_BUNDLE_IDENTIFIER = ji.IntroJiTests;
				PRODUCT_NAME = "$(TARGET_NAME)";
				SWIFT_EMIT_LOC_STRINGS = NO;
				SWIFT_VERSION = 5.0;
				TARGETED_DEVICE_FAMILY = "1,2";
				TEST_HOST = "$(BUILT_PRODUCTS_DIR)/IntroJi.app/$(BUNDLE_EXECUTABLE_FOLDER_PATH)/IntroJi";
			};
			name = Release;
		};
		086420D229DC1AF6005F43C9 /* Debug */ = {
			isa = XCBuildConfiguration;
			buildSettings = {
				ALWAYS_EMBED_SWIFT_STANDARD_LIBRARIES = YES;
				CODE_SIGN_STYLE = Automatic;
				CURRENT_PROJECT_VERSION = 1;
				GENERATE_INFOPLIST_FILE = YES;
				MARKETING_VERSION = 1.0;
				PRODUCT_BUNDLE_IDENTIFIER = ji.IntroJiUITests;
				PRODUCT_NAME = "$(TARGET_NAME)";
				SWIFT_EMIT_LOC_STRINGS = NO;
				SWIFT_VERSION = 5.0;
				TARGETED_DEVICE_FAMILY = "1,2";
				TEST_TARGET_NAME = IntroJi;
			};
			name = Debug;
		};
		086420D329DC1AF6005F43C9 /* Release */ = {
			isa = XCBuildConfiguration;
			buildSettings = {
				ALWAYS_EMBED_SWIFT_STANDARD_LIBRARIES = YES;
				CODE_SIGN_STYLE = Automatic;
				CURRENT_PROJECT_VERSION = 1;
				GENERATE_INFOPLIST_FILE = YES;
				MARKETING_VERSION = 1.0;
				PRODUCT_BUNDLE_IDENTIFIER = ji.IntroJiUITests;
				PRODUCT_NAME = "$(TARGET_NAME)";
				SWIFT_EMIT_LOC_STRINGS = NO;
				SWIFT_VERSION = 5.0;
				TARGETED_DEVICE_FAMILY = "1,2";
				TEST_TARGET_NAME = IntroJi;
			};
			name = Release;
		};
/* End XCBuildConfiguration section */

/* Begin XCConfigurationList section */
		0864209C29DC1AF4005F43C9 /* Build configuration list for PBXProject "IntroJi" */ = {
			isa = XCConfigurationList;
			buildConfigurations = (
				086420C929DC1AF6005F43C9 /* Debug */,
				086420CA29DC1AF6005F43C9 /* Release */,
			);
			defaultConfigurationIsVisible = 0;
			defaultConfigurationName = Release;
		};
		086420CB29DC1AF6005F43C9 /* Build configuration list for PBXNativeTarget "IntroJi" */ = {
			isa = XCConfigurationList;
			buildConfigurations = (
				086420CC29DC1AF6005F43C9 /* Debug */,
				086420CD29DC1AF6005F43C9 /* Release */,
			);
			defaultConfigurationIsVisible = 0;
			defaultConfigurationName = Release;
		};
		086420CE29DC1AF6005F43C9 /* Build configuration list for PBXNativeTarget "IntroJiTests" */ = {
			isa = XCConfigurationList;
			buildConfigurations = (
				086420CF29DC1AF6005F43C9 /* Debug */,
				086420D029DC1AF6005F43C9 /* Release */,
			);
			defaultConfigurationIsVisible = 0;
			defaultConfigurationName = Release;
		};
		086420D129DC1AF6005F43C9 /* Build configuration list for PBXNativeTarget "IntroJiUITests" */ = {
			isa = XCConfigurationList;
			buildConfigurations = (
				086420D229DC1AF6005F43C9 /* Debug */,
				086420D329DC1AF6005F43C9 /* Release */,
			);
			defaultConfigurationIsVisible = 0;
			defaultConfigurationName = Release;
		};
/* End XCConfigurationList section */
	};
	rootObject = 0864209929DC1AF4005F43C9 /* Project object */;
}
